// !$*UTF8*$!
{
	archiveVersion = 1;
	classes = {
	};
	objectVersion = 56;
	objects = {

/* Begin PBXBuildFile section */
		913A51DC2D2D53490060CA59 /* HomeViewController.swift in Sources */ = {isa = PBXBuildFile; fileRef = 913A51DB2D2D53490060CA59 /* HomeViewController.swift */; };
		913A51DE2D2D53660060CA59 /* HomeView.swift in Sources */ = {isa = PBXBuildFile; fileRef = 913A51DD2D2D53630060CA59 /* HomeView.swift */; };
		913A51E02D2D53B90060CA59 /* HomeFlowDelegate.swift in Sources */ = {isa = PBXBuildFile; fileRef = 913A51DF2D2D53B90060CA59 /* HomeFlowDelegate.swift */; };
		913A51E22D2D55720060CA59 /* ViewController+Ext.swift in Sources */ = {isa = PBXBuildFile; fileRef = 913A51E12D2D556A0060CA59 /* ViewController+Ext.swift */; };
		91B5687D2D31715A00AD6B2C /* HomeViewDelegate.swift in Sources */ = {isa = PBXBuildFile; fileRef = 91B5687C2D31715A00AD6B2C /* HomeViewDelegate.swift */; };
		91E844EC2D31AF1D00201A18 /* HomeViewModel.swift in Sources */ = {isa = PBXBuildFile; fileRef = 91E844EB2D31AF1900201A18 /* HomeViewModel.swift */; };
		B82688D12D1312DC00306399 /* Colors-constants.swift in Sources */ = {isa = PBXBuildFile; fileRef = B82688D02D1312DC00306399 /* Colors-constants.swift */; };
		B82688D32D13648E00306399 /* Text-Constants.swift in Sources */ = {isa = PBXBuildFile; fileRef = B82688D22D13648E00306399 /* Text-Constants.swift */; };
		B82688D52D1366B900306399 /* Metrics-constants.swift in Sources */ = {isa = PBXBuildFile; fileRef = B82688D42D1366B900306399 /* Metrics-constants.swift */; };
		B85839D32D28554300294964 /* ViewControllersFactoryProtocol.swift in Sources */ = {isa = PBXBuildFile; fileRef = B85839D22D28554300294964 /* ViewControllersFactoryProtocol.swift */; };
		B85839D52D2855AE00294964 /* ViewControllersFactory.swift in Sources */ = {isa = PBXBuildFile; fileRef = B85839D42D2855AE00294964 /* ViewControllersFactory.swift */; };
		B85839D82D285E1700294964 /* User.swift in Sources */ = {isa = PBXBuildFile; fileRef = B85839D72D285E1700294964 /* User.swift */; };
		B85839DB2D285E8F00294964 /* UserDefaultsManager.swift in Sources */ = {isa = PBXBuildFile; fileRef = B85839DA2D285E8F00294964 /* UserDefaultsManager.swift */; };
		B88045612D1A069F00632383 /* LoginBottomSheetViewController.swift in Sources */ = {isa = PBXBuildFile; fileRef = B88045602D1A069F00632383 /* LoginBottomSheetViewController.swift */; };
		B88045632D1A073800632383 /* LoginBottomSheetView.swift in Sources */ = {isa = PBXBuildFile; fileRef = B88045622D1A073800632383 /* LoginBottomSheetView.swift */; };
		B88456122D11C86600495F47 /* SplashViewController.swift in Sources */ = {isa = PBXBuildFile; fileRef = B88456112D11C86600495F47 /* SplashViewController.swift */; };
		B88456142D11C96400495F47 /* SplashView.swift in Sources */ = {isa = PBXBuildFile; fileRef = B88456132D11C96400495F47 /* SplashView.swift */; };
		B89309712D0F6E5A00347293 /* AppDelegate.swift in Sources */ = {isa = PBXBuildFile; fileRef = B89309702D0F6E5A00347293 /* AppDelegate.swift */; };
		B89309732D0F6E5A00347293 /* SceneDelegate.swift in Sources */ = {isa = PBXBuildFile; fileRef = B89309722D0F6E5A00347293 /* SceneDelegate.swift */; };
		B893097A2D0F6E5A00347293 /* Assets.xcassets in Resources */ = {isa = PBXBuildFile; fileRef = B89309792D0F6E5A00347293 /* Assets.xcassets */; };
		B8E794B22D1EF5D40046AAC1 /* LoginBottomSheetViewModel.swift in Sources */ = {isa = PBXBuildFile; fileRef = B8E794B12D1EF5D40046AAC1 /* LoginBottomSheetViewModel.swift */; };
		B8E794B42D1EFC840046AAC1 /* GoogleService-Info.plist in Resources */ = {isa = PBXBuildFile; fileRef = B8E794B32D1EFC840046AAC1 /* GoogleService-Info.plist */; };
		B8E794B62D1F2F6E0046AAC1 /* ReminderFlowController.swift in Sources */ = {isa = PBXBuildFile; fileRef = B8E794B52D1F2F6E0046AAC1 /* ReminderFlowController.swift */; };
		B8E794B82D1F315B0046AAC1 /* LoginBottomSheetFlowDelegate.swift in Sources */ = {isa = PBXBuildFile; fileRef = B8E794B72D1F315B0046AAC1 /* LoginBottomSheetFlowDelegate.swift */; };
		B8E794BB2D1F33E40046AAC1 /* SplashViewFlowDelegate.swift in Sources */ = {isa = PBXBuildFile; fileRef = B8E794BA2D1F33E40046AAC1 /* SplashViewFlowDelegate.swift */; };
		B8F814DD2D1B240500DBD722 /* Localizable.strings in Resources */ = {isa = PBXBuildFile; fileRef = B8F814DB2D1B240500DBD722 /* Localizable.strings */; };
		B8F814E32D1B257000DBD722 /* String+Ext.swift in Sources */ = {isa = PBXBuildFile; fileRef = B8F814E22D1B257000DBD722 /* String+Ext.swift */; };
		B8F814E62D1B2F2900DBD722 /* PaddedTextField.swift in Sources */ = {isa = PBXBuildFile; fileRef = B8F814E52D1B2F2900DBD722 /* PaddedTextField.swift */; };
		B8F814E82D1B6EE100DBD722 /* LoginBottomSheetViewDelegate.swift in Sources */ = {isa = PBXBuildFile; fileRef = B8F814E72D1B6EE100DBD722 /* LoginBottomSheetViewDelegate.swift */; };
		C66E602837B69132665DA2BB /* Pods_Reminder.framework in Frameworks */ = {isa = PBXBuildFile; fileRef = 23F5845B616E971B6B00BD84 /* Pods_Reminder.framework */; };
/* End PBXBuildFile section */

/* Begin PBXFileReference section */
		23F5845B616E971B6B00BD84 /* Pods_Reminder.framework */ = {isa = PBXFileReference; explicitFileType = wrapper.framework; includeInIndex = 0; path = Pods_Reminder.framework; sourceTree = BUILT_PRODUCTS_DIR; };
		585DB33905E82848FE73926A /* Pods-Reminder.release.xcconfig */ = {isa = PBXFileReference; includeInIndex = 1; lastKnownFileType = text.xcconfig; name = "Pods-Reminder.release.xcconfig"; path = "Target Support Files/Pods-Reminder/Pods-Reminder.release.xcconfig"; sourceTree = "<group>"; };
		913A51DB2D2D53490060CA59 /* HomeViewController.swift */ = {isa = PBXFileReference; lastKnownFileType = sourcecode.swift; path = HomeViewController.swift; sourceTree = "<group>"; };
		913A51DD2D2D53630060CA59 /* HomeView.swift */ = {isa = PBXFileReference; lastKnownFileType = sourcecode.swift; path = HomeView.swift; sourceTree = "<group>"; };
		913A51DF2D2D53B90060CA59 /* HomeFlowDelegate.swift */ = {isa = PBXFileReference; lastKnownFileType = sourcecode.swift; path = HomeFlowDelegate.swift; sourceTree = "<group>"; };
		913A51E12D2D556A0060CA59 /* ViewController+Ext.swift */ = {isa = PBXFileReference; lastKnownFileType = sourcecode.swift; path = "ViewController+Ext.swift"; sourceTree = "<group>"; };
		91B5687C2D31715A00AD6B2C /* HomeViewDelegate.swift */ = {isa = PBXFileReference; lastKnownFileType = sourcecode.swift; path = HomeViewDelegate.swift; sourceTree = "<group>"; };
		91E844EB2D31AF1900201A18 /* HomeViewModel.swift */ = {isa = PBXFileReference; lastKnownFileType = sourcecode.swift; path = HomeViewModel.swift; sourceTree = "<group>"; };
		B82688D02D1312DC00306399 /* Colors-constants.swift */ = {isa = PBXFileReference; lastKnownFileType = sourcecode.swift; path = "Colors-constants.swift"; sourceTree = "<group>"; };
		B82688D22D13648E00306399 /* Text-Constants.swift */ = {isa = PBXFileReference; lastKnownFileType = sourcecode.swift; path = "Text-Constants.swift"; sourceTree = "<group>"; };
		B82688D42D1366B900306399 /* Metrics-constants.swift */ = {isa = PBXFileReference; lastKnownFileType = sourcecode.swift; path = "Metrics-constants.swift"; sourceTree = "<group>"; };
		B85839D22D28554300294964 /* ViewControllersFactoryProtocol.swift */ = {isa = PBXFileReference; lastKnownFileType = sourcecode.swift; path = ViewControllersFactoryProtocol.swift; sourceTree = "<group>"; };
		B85839D42D2855AE00294964 /* ViewControllersFactory.swift */ = {isa = PBXFileReference; lastKnownFileType = sourcecode.swift; path = ViewControllersFactory.swift; sourceTree = "<group>"; };
		B85839D72D285E1700294964 /* User.swift */ = {isa = PBXFileReference; lastKnownFileType = sourcecode.swift; path = User.swift; sourceTree = "<group>"; };
		B85839DA2D285E8F00294964 /* UserDefaultsManager.swift */ = {isa = PBXFileReference; lastKnownFileType = sourcecode.swift; path = UserDefaultsManager.swift; sourceTree = "<group>"; };
		B88045602D1A069F00632383 /* LoginBottomSheetViewController.swift */ = {isa = PBXFileReference; lastKnownFileType = sourcecode.swift; path = LoginBottomSheetViewController.swift; sourceTree = "<group>"; };
		B88045622D1A073800632383 /* LoginBottomSheetView.swift */ = {isa = PBXFileReference; lastKnownFileType = sourcecode.swift; path = LoginBottomSheetView.swift; sourceTree = "<group>"; };
		B88456112D11C86600495F47 /* SplashViewController.swift */ = {isa = PBXFileReference; lastKnownFileType = sourcecode.swift; path = SplashViewController.swift; sourceTree = "<group>"; };
		B88456132D11C96400495F47 /* SplashView.swift */ = {isa = PBXFileReference; lastKnownFileType = sourcecode.swift; path = SplashView.swift; sourceTree = "<group>"; };
		B893096D2D0F6E5A00347293 /* Reminder.app */ = {isa = PBXFileReference; explicitFileType = wrapper.application; includeInIndex = 0; path = Reminder.app; sourceTree = BUILT_PRODUCTS_DIR; };
		B89309702D0F6E5A00347293 /* AppDelegate.swift */ = {isa = PBXFileReference; lastKnownFileType = sourcecode.swift; path = AppDelegate.swift; sourceTree = "<group>"; };
		B89309722D0F6E5A00347293 /* SceneDelegate.swift */ = {isa = PBXFileReference; lastKnownFileType = sourcecode.swift; path = SceneDelegate.swift; sourceTree = "<group>"; };
		B89309792D0F6E5A00347293 /* Assets.xcassets */ = {isa = PBXFileReference; lastKnownFileType = folder.assetcatalog; path = Assets.xcassets; sourceTree = "<group>"; };
		B893097E2D0F6E5A00347293 /* Info.plist */ = {isa = PBXFileReference; lastKnownFileType = text.plist.xml; path = Info.plist; sourceTree = "<group>"; };
		B8E794B12D1EF5D40046AAC1 /* LoginBottomSheetViewModel.swift */ = {isa = PBXFileReference; lastKnownFileType = sourcecode.swift; path = LoginBottomSheetViewModel.swift; sourceTree = "<group>"; };
		B8E794B32D1EFC840046AAC1 /* GoogleService-Info.plist */ = {isa = PBXFileReference; fileEncoding = 4; lastKnownFileType = text.plist.xml; path = "GoogleService-Info.plist"; sourceTree = "<group>"; };
		B8E794B52D1F2F6E0046AAC1 /* ReminderFlowController.swift */ = {isa = PBXFileReference; lastKnownFileType = sourcecode.swift; path = ReminderFlowController.swift; sourceTree = "<group>"; };
		B8E794B72D1F315B0046AAC1 /* LoginBottomSheetFlowDelegate.swift */ = {isa = PBXFileReference; lastKnownFileType = sourcecode.swift; path = LoginBottomSheetFlowDelegate.swift; sourceTree = "<group>"; };
		B8E794BA2D1F33E40046AAC1 /* SplashViewFlowDelegate.swift */ = {isa = PBXFileReference; lastKnownFileType = sourcecode.swift; path = SplashViewFlowDelegate.swift; sourceTree = "<group>"; };
		B8F814DC2D1B240500DBD722 /* en */ = {isa = PBXFileReference; lastKnownFileType = text.plist.strings; name = en; path = en.lproj/Localizable.strings; sourceTree = "<group>"; };
		B8F814E22D1B257000DBD722 /* String+Ext.swift */ = {isa = PBXFileReference; lastKnownFileType = sourcecode.swift; path = "String+Ext.swift"; sourceTree = "<group>"; };
		B8F814E52D1B2F2900DBD722 /* PaddedTextField.swift */ = {isa = PBXFileReference; lastKnownFileType = sourcecode.swift; path = PaddedTextField.swift; sourceTree = "<group>"; };
		B8F814E72D1B6EE100DBD722 /* LoginBottomSheetViewDelegate.swift */ = {isa = PBXFileReference; lastKnownFileType = sourcecode.swift; path = LoginBottomSheetViewDelegate.swift; sourceTree = "<group>"; };
		F7D962E7EEDD2904095045A9 /* Pods-Reminder.debug.xcconfig */ = {isa = PBXFileReference; includeInIndex = 1; lastKnownFileType = text.xcconfig; name = "Pods-Reminder.debug.xcconfig"; path = "Target Support Files/Pods-Reminder/Pods-Reminder.debug.xcconfig"; sourceTree = "<group>"; };
/* End PBXFileReference section */

/* Begin PBXFrameworksBuildPhase section */
		B893096A2D0F6E5A00347293 /* Frameworks */ = {
			isa = PBXFrameworksBuildPhase;
			buildActionMask = 2147483647;
			files = (
				C66E602837B69132665DA2BB /* Pods_Reminder.framework in Frameworks */,
			);
			runOnlyForDeploymentPostprocessing = 0;
		};
/* End PBXFrameworksBuildPhase section */

/* Begin PBXGroup section */
		913A51D72D2D52F60060CA59 /* Scenes */ = {
			isa = PBXGroup;
			children = (
				913A51D82D2D53170060CA59 /* Home */,
				B880455F2D1A068800632383 /* LoginBottomSheet */,
				B88456102D11C85A00495F47 /* Splash */,
			);
			path = Scenes;
			sourceTree = "<group>";
		};
		913A51D82D2D53170060CA59 /* Home */ = {
			isa = PBXGroup;
			children = (
				913A51D92D2D53230060CA59 /* ViewModel */,
				913A51DD2D2D53630060CA59 /* HomeView.swift */,
				913A51DB2D2D53490060CA59 /* HomeViewController.swift */,
				913A51DF2D2D53B90060CA59 /* HomeFlowDelegate.swift */,
				91B5687C2D31715A00AD6B2C /* HomeViewDelegate.swift */,
			);
			path = Home;
			sourceTree = "<group>";
		};
		913A51D92D2D53230060CA59 /* ViewModel */ = {
			isa = PBXGroup;
			children = (
				91E844EB2D31AF1900201A18 /* HomeViewModel.swift */,
			);
			path = ViewModel;
			sourceTree = "<group>";
		};
		B42171FCEB2951DD11127E80 /* Frameworks */ = {
			isa = PBXGroup;
			children = (
				23F5845B616E971B6B00BD84 /* Pods_Reminder.framework */,
			);
			name = Frameworks;
			sourceTree = "<group>";
		};
		B82688CF2D1312C600306399 /* Constants */ = {
			isa = PBXGroup;
			children = (
				B82688D02D1312DC00306399 /* Colors-constants.swift */,
				B82688D22D13648E00306399 /* Text-Constants.swift */,
				B82688D42D1366B900306399 /* Metrics-constants.swift */,
			);
			path = Constants;
			sourceTree = "<group>";
		};
		B85839CD2D2854FF00294964 /* DepencyInjection */ = {
			isa = PBXGroup;
			children = (
				B85839D02D28552600294964 /* ViewControllersFactory */,
			);
			path = DepencyInjection;
			sourceTree = "<group>";
		};
		B85839D02D28552600294964 /* ViewControllersFactory */ = {
			isa = PBXGroup;
			children = (
				B85839D22D28554300294964 /* ViewControllersFactoryProtocol.swift */,
				B85839D42D2855AE00294964 /* ViewControllersFactory.swift */,
			);
			path = ViewControllersFactory;
			sourceTree = "<group>";
		};
		B85839D62D285E0900294964 /* Model */ = {
			isa = PBXGroup;
			children = (
				B85839D72D285E1700294964 /* User.swift */,
			);
			path = Model;
			sourceTree = "<group>";
		};
		B85839D92D285E8100294964 /* UserDefaults */ = {
			isa = PBXGroup;
			children = (
				B85839DA2D285E8F00294964 /* UserDefaultsManager.swift */,
			);
			path = UserDefaults;
			sourceTree = "<group>";
		};
		B880455F2D1A068800632383 /* LoginBottomSheet */ = {
			isa = PBXGroup;
			children = (
				B8E794B02D1EF5C30046AAC1 /* ViewModel */,
				B88045602D1A069F00632383 /* LoginBottomSheetViewController.swift */,
				B88045622D1A073800632383 /* LoginBottomSheetView.swift */,
				B8F814E72D1B6EE100DBD722 /* LoginBottomSheetViewDelegate.swift */,
			);
			path = LoginBottomSheet;
			sourceTree = "<group>";
		};
		B884560E2D11C83A00495F47 /* Sources */ = {
			isa = PBXGroup;
			children = (
				B884560F2D11C85400495F47 /* Features */,
			);
			path = Sources;
			sourceTree = "<group>";
		};
		B884560F2D11C85400495F47 /* Features */ = {
			isa = PBXGroup;
			children = (
				913A51D72D2D52F60060CA59 /* Scenes */,
				B85839D92D285E8100294964 /* UserDefaults */,
				B85839D62D285E0900294964 /* Model */,
				B85839CD2D2854FF00294964 /* DepencyInjection */,
				B8F814E42D1B2F1500DBD722 /* Components */,
				B8F814DE2D1B254300DBD722 /* Extensions */,
				B82688CF2D1312C600306399 /* Constants */,
			);
			path = Features;
			sourceTree = "<group>";
		};
		B88456102D11C85A00495F47 /* Splash */ = {
			isa = PBXGroup;
			children = (
				B8E794BA2D1F33E40046AAC1 /* SplashViewFlowDelegate.swift */,
				B88456112D11C86600495F47 /* SplashViewController.swift */,
				B88456132D11C96400495F47 /* SplashView.swift */,
			);
			path = Splash;
			sourceTree = "<group>";
		};
		B89309642D0F6E5A00347293 = {
			isa = PBXGroup;
			children = (
				B893096F2D0F6E5A00347293 /* Reminder */,
				B893096E2D0F6E5A00347293 /* Products */,
				CDDA8FE04730CAA0B3DCC05D /* Pods */,
				B42171FCEB2951DD11127E80 /* Frameworks */,
			);
			sourceTree = "<group>";
		};
		B893096E2D0F6E5A00347293 /* Products */ = {
			isa = PBXGroup;
			children = (
				B893096D2D0F6E5A00347293 /* Reminder.app */,
			);
			name = Products;
			sourceTree = "<group>";
		};
		B893096F2D0F6E5A00347293 /* Reminder */ = {
			isa = PBXGroup;
			children = (
				B8F814DA2D1B23B400DBD722 /* Resources */,
				B884560E2D11C83A00495F47 /* Sources */,
				B89309702D0F6E5A00347293 /* AppDelegate.swift */,
				B89309722D0F6E5A00347293 /* SceneDelegate.swift */,
				B8E794B52D1F2F6E0046AAC1 /* ReminderFlowController.swift */,
				B8E794B32D1EFC840046AAC1 /* GoogleService-Info.plist */,
				B893097E2D0F6E5A00347293 /* Info.plist */,
			);
			path = Reminder;
			sourceTree = "<group>";
		};
		B8E794B02D1EF5C30046AAC1 /* ViewModel */ = {
			isa = PBXGroup;
			children = (
				B8E794B72D1F315B0046AAC1 /* LoginBottomSheetFlowDelegate.swift */,
				B8E794B12D1EF5D40046AAC1 /* LoginBottomSheetViewModel.swift */,
			);
			path = ViewModel;
			sourceTree = "<group>";
		};
		B8F814DA2D1B23B400DBD722 /* Resources */ = {
			isa = PBXGroup;
			children = (
				B89309792D0F6E5A00347293 /* Assets.xcassets */,
				B8F814DB2D1B240500DBD722 /* Localizable.strings */,
			);
			path = Resources;
			sourceTree = "<group>";
		};
		B8F814DE2D1B254300DBD722 /* Extensions */ = {
			isa = PBXGroup;
			children = (
				913A51E12D2D556A0060CA59 /* ViewController+Ext.swift */,
				B8F814E22D1B257000DBD722 /* String+Ext.swift */,
			);
			path = Extensions;
			sourceTree = "<group>";
		};
		B8F814E42D1B2F1500DBD722 /* Components */ = {
			isa = PBXGroup;
			children = (
				B8F814E52D1B2F2900DBD722 /* PaddedTextField.swift */,
			);
			path = Components;
			sourceTree = "<group>";
		};
		CDDA8FE04730CAA0B3DCC05D /* Pods */ = {
			isa = PBXGroup;
			children = (
				F7D962E7EEDD2904095045A9 /* Pods-Reminder.debug.xcconfig */,
				585DB33905E82848FE73926A /* Pods-Reminder.release.xcconfig */,
			);
			path = Pods;
			sourceTree = "<group>";
		};
/* End PBXGroup section */

/* Begin PBXNativeTarget section */
		B893096C2D0F6E5A00347293 /* Reminder */ = {
			isa = PBXNativeTarget;
			buildConfigurationList = B89309812D0F6E5A00347293 /* Build configuration list for PBXNativeTarget "Reminder" */;
			buildPhases = (
				27FF9E1CFBF37F69F66E8DD6 /* [CP] Check Pods Manifest.lock */,
				B89309692D0F6E5A00347293 /* Sources */,
				B893096A2D0F6E5A00347293 /* Frameworks */,
				B893096B2D0F6E5A00347293 /* Resources */,
				E36D82F93468B1ED204B5F9D /* [CP] Embed Pods Frameworks */,
			);
			buildRules = (
			);
			dependencies = (
			);
			name = Reminder;
			productName = Reminder;
			productReference = B893096D2D0F6E5A00347293 /* Reminder.app */;
			productType = "com.apple.product-type.application";
		};
/* End PBXNativeTarget section */

/* Begin PBXProject section */
		B89309652D0F6E5A00347293 /* Project object */ = {
			isa = PBXProject;
			attributes = {
				BuildIndependentTargetsInParallel = 1;
				LastSwiftUpdateCheck = 1540;
				LastUpgradeCheck = 1540;
				TargetAttributes = {
					B893096C2D0F6E5A00347293 = {
						CreatedOnToolsVersion = 15.4;
					};
				};
			};
			buildConfigurationList = B89309682D0F6E5A00347293 /* Build configuration list for PBXProject "Reminder" */;
			compatibilityVersion = "Xcode 14.0";
			developmentRegion = en;
			hasScannedForEncodings = 0;
			knownRegions = (
				en,
				Base,
			);
			mainGroup = B89309642D0F6E5A00347293;
			productRefGroup = B893096E2D0F6E5A00347293 /* Products */;
			projectDirPath = "";
			projectRoot = "";
			targets = (
				B893096C2D0F6E5A00347293 /* Reminder */,
			);
		};
/* End PBXProject section */

/* Begin PBXResourcesBuildPhase section */
		B893096B2D0F6E5A00347293 /* Resources */ = {
			isa = PBXResourcesBuildPhase;
			buildActionMask = 2147483647;
			files = (
				B893097A2D0F6E5A00347293 /* Assets.xcassets in Resources */,
				B8F814DD2D1B240500DBD722 /* Localizable.strings in Resources */,
				B8E794B42D1EFC840046AAC1 /* GoogleService-Info.plist in Resources */,
			);
			runOnlyForDeploymentPostprocessing = 0;
		};
/* End PBXResourcesBuildPhase section */

/* Begin PBXShellScriptBuildPhase section */
		27FF9E1CFBF37F69F66E8DD6 /* [CP] Check Pods Manifest.lock */ = {
			isa = PBXShellScriptBuildPhase;
			buildActionMask = 2147483647;
			files = (
			);
			inputFileListPaths = (
			);
			inputPaths = (
				"${PODS_PODFILE_DIR_PATH}/Podfile.lock",
				"${PODS_ROOT}/Manifest.lock",
			);
			name = "[CP] Check Pods Manifest.lock";
			outputFileListPaths = (
			);
			outputPaths = (
				"$(DERIVED_FILE_DIR)/Pods-Reminder-checkManifestLockResult.txt",
			);
			runOnlyForDeploymentPostprocessing = 0;
			shellPath = /bin/sh;
			shellScript = "diff \"${PODS_PODFILE_DIR_PATH}/Podfile.lock\" \"${PODS_ROOT}/Manifest.lock\" > /dev/null\nif [ $? != 0 ] ; then\n    # print error to STDERR\n    echo \"error: The sandbox is not in sync with the Podfile.lock. Run 'pod install' or update your CocoaPods installation.\" >&2\n    exit 1\nfi\n# This output is used by Xcode 'outputs' to avoid re-running this script phase.\necho \"SUCCESS\" > \"${SCRIPT_OUTPUT_FILE_0}\"\n";
			showEnvVarsInLog = 0;
		};
		E36D82F93468B1ED204B5F9D /* [CP] Embed Pods Frameworks */ = {
			isa = PBXShellScriptBuildPhase;
			buildActionMask = 2147483647;
			files = (
			);
			inputFileListPaths = (
				"${PODS_ROOT}/Target Support Files/Pods-Reminder/Pods-Reminder-frameworks-${CONFIGURATION}-input-files.xcfilelist",
			);
			name = "[CP] Embed Pods Frameworks";
			outputFileListPaths = (
				"${PODS_ROOT}/Target Support Files/Pods-Reminder/Pods-Reminder-frameworks-${CONFIGURATION}-output-files.xcfilelist",
			);
			runOnlyForDeploymentPostprocessing = 0;
			shellPath = /bin/sh;
			shellScript = "\"${PODS_ROOT}/Target Support Files/Pods-Reminder/Pods-Reminder-frameworks.sh\"\n";
			showEnvVarsInLog = 0;
		};
/* End PBXShellScriptBuildPhase section */

/* Begin PBXSourcesBuildPhase section */
		B89309692D0F6E5A00347293 /* Sources */ = {
			isa = PBXSourcesBuildPhase;
			buildActionMask = 2147483647;
			files = (
				B8E794BB2D1F33E40046AAC1 /* SplashViewFlowDelegate.swift in Sources */,
				B8E794B22D1EF5D40046AAC1 /* LoginBottomSheetViewModel.swift in Sources */,
				B8E794B82D1F315B0046AAC1 /* LoginBottomSheetFlowDelegate.swift in Sources */,
				B88456122D11C86600495F47 /* SplashViewController.swift in Sources */,
				B82688D52D1366B900306399 /* Metrics-constants.swift in Sources */,
				913A51DE2D2D53660060CA59 /* HomeView.swift in Sources */,
				913A51E02D2D53B90060CA59 /* HomeFlowDelegate.swift in Sources */,
				913A51DC2D2D53490060CA59 /* HomeViewController.swift in Sources */,
				B82688D12D1312DC00306399 /* Colors-constants.swift in Sources */,
				B85839DB2D285E8F00294964 /* UserDefaultsManager.swift in Sources */,
				B8F814E62D1B2F2900DBD722 /* PaddedTextField.swift in Sources */,
				B88456142D11C96400495F47 /* SplashView.swift in Sources */,
				B88045632D1A073800632383 /* LoginBottomSheetView.swift in Sources */,
				B89309712D0F6E5A00347293 /* AppDelegate.swift in Sources */,
				913A51E22D2D55720060CA59 /* ViewController+Ext.swift in Sources */,
				B88045612D1A069F00632383 /* LoginBottomSheetViewController.swift in Sources */,
				B85839D52D2855AE00294964 /* ViewControllersFactory.swift in Sources */,
				91B5687D2D31715A00AD6B2C /* HomeViewDelegate.swift in Sources */,
				B8E794B62D1F2F6E0046AAC1 /* ReminderFlowController.swift in Sources */,
				B82688D32D13648E00306399 /* Text-Constants.swift in Sources */,
				B8F814E32D1B257000DBD722 /* String+Ext.swift in Sources */,
				91E844EC2D31AF1D00201A18 /* HomeViewModel.swift in Sources */,
				B8F814E82D1B6EE100DBD722 /* LoginBottomSheetViewDelegate.swift in Sources */,
				B89309732D0F6E5A00347293 /* SceneDelegate.swift in Sources */,
				B85839D32D28554300294964 /* ViewControllersFactoryProtocol.swift in Sources */,
				B85839D82D285E1700294964 /* User.swift in Sources */,
			);
			runOnlyForDeploymentPostprocessing = 0;
		};
/* End PBXSourcesBuildPhase section */

/* Begin PBXVariantGroup section */
		B8F814DB2D1B240500DBD722 /* Localizable.strings */ = {
			isa = PBXVariantGroup;
			children = (
				B8F814DC2D1B240500DBD722 /* en */,
			);
			name = Localizable.strings;
			sourceTree = "<group>";
		};
/* End PBXVariantGroup section */

/* Begin XCBuildConfiguration section */
		B893097F2D0F6E5A00347293 /* Debug */ = {
			isa = XCBuildConfiguration;
			buildSettings = {
				ALWAYS_SEARCH_USER_PATHS = NO;
				ASSETCATALOG_COMPILER_GENERATE_SWIFT_ASSET_SYMBOL_EXTENSIONS = YES;
				CLANG_ANALYZER_NONNULL = YES;
				CLANG_ANALYZER_NUMBER_OBJECT_CONVERSION = YES_AGGRESSIVE;
				CLANG_CXX_LANGUAGE_STANDARD = "gnu++20";
				CLANG_ENABLE_MODULES = YES;
				CLANG_ENABLE_OBJC_ARC = YES;
				CLANG_ENABLE_OBJC_WEAK = YES;
				CLANG_WARN_BLOCK_CAPTURE_AUTORELEASING = YES;
				CLANG_WARN_BOOL_CONVERSION = YES;
				CLANG_WARN_COMMA = YES;
				CLANG_WARN_CONSTANT_CONVERSION = YES;
				CLANG_WARN_DEPRECATED_OBJC_IMPLEMENTATIONS = YES;
				CLANG_WARN_DIRECT_OBJC_ISA_USAGE = YES_ERROR;
				CLANG_WARN_DOCUMENTATION_COMMENTS = YES;
				CLANG_WARN_EMPTY_BODY = YES;
				CLANG_WARN_ENUM_CONVERSION = YES;
				CLANG_WARN_INFINITE_RECURSION = YES;
				CLANG_WARN_INT_CONVERSION = YES;
				CLANG_WARN_NON_LITERAL_NULL_CONVERSION = YES;
				CLANG_WARN_OBJC_IMPLICIT_RETAIN_SELF = YES;
				CLANG_WARN_OBJC_LITERAL_CONVERSION = YES;
				CLANG_WARN_OBJC_ROOT_CLASS = YES_ERROR;
				CLANG_WARN_QUOTED_INCLUDE_IN_FRAMEWORK_HEADER = YES;
				CLANG_WARN_RANGE_LOOP_ANALYSIS = YES;
				CLANG_WARN_STRICT_PROTOTYPES = YES;
				CLANG_WARN_SUSPICIOUS_MOVE = YES;
				CLANG_WARN_UNGUARDED_AVAILABILITY = YES_AGGRESSIVE;
				CLANG_WARN_UNREACHABLE_CODE = YES;
				CLANG_WARN__DUPLICATE_METHOD_MATCH = YES;
				COPY_PHASE_STRIP = NO;
				DEBUG_INFORMATION_FORMAT = dwarf;
				ENABLE_STRICT_OBJC_MSGSEND = YES;
				ENABLE_TESTABILITY = YES;
				ENABLE_USER_SCRIPT_SANDBOXING = NO;
				GCC_C_LANGUAGE_STANDARD = gnu17;
				GCC_DYNAMIC_NO_PIC = NO;
				GCC_NO_COMMON_BLOCKS = YES;
				GCC_OPTIMIZATION_LEVEL = 0;
				GCC_PREPROCESSOR_DEFINITIONS = (
					"DEBUG=1",
					"$(inherited)",
				);
				GCC_WARN_64_TO_32_BIT_CONVERSION = YES;
				GCC_WARN_ABOUT_RETURN_TYPE = YES_ERROR;
				GCC_WARN_UNDECLARED_SELECTOR = YES;
				GCC_WARN_UNINITIALIZED_AUTOS = YES_AGGRESSIVE;
				GCC_WARN_UNUSED_FUNCTION = YES;
				GCC_WARN_UNUSED_VARIABLE = YES;
				IPHONEOS_DEPLOYMENT_TARGET = 17.5;
				LOCALIZATION_PREFERS_STRING_CATALOGS = YES;
				MTL_ENABLE_DEBUG_INFO = INCLUDE_SOURCE;
				MTL_FAST_MATH = YES;
				ONLY_ACTIVE_ARCH = YES;
				SDKROOT = iphoneos;
				SWIFT_ACTIVE_COMPILATION_CONDITIONS = "DEBUG $(inherited)";
				SWIFT_OPTIMIZATION_LEVEL = "-Onone";
			};
			name = Debug;
		};
		B89309802D0F6E5A00347293 /* Release */ = {
			isa = XCBuildConfiguration;
			buildSettings = {
				ALWAYS_SEARCH_USER_PATHS = NO;
				ASSETCATALOG_COMPILER_GENERATE_SWIFT_ASSET_SYMBOL_EXTENSIONS = YES;
				CLANG_ANALYZER_NONNULL = YES;
				CLANG_ANALYZER_NUMBER_OBJECT_CONVERSION = YES_AGGRESSIVE;
				CLANG_CXX_LANGUAGE_STANDARD = "gnu++20";
				CLANG_ENABLE_MODULES = YES;
				CLANG_ENABLE_OBJC_ARC = YES;
				CLANG_ENABLE_OBJC_WEAK = YES;
				CLANG_WARN_BLOCK_CAPTURE_AUTORELEASING = YES;
				CLANG_WARN_BOOL_CONVERSION = YES;
				CLANG_WARN_COMMA = YES;
				CLANG_WARN_CONSTANT_CONVERSION = YES;
				CLANG_WARN_DEPRECATED_OBJC_IMPLEMENTATIONS = YES;
				CLANG_WARN_DIRECT_OBJC_ISA_USAGE = YES_ERROR;
				CLANG_WARN_DOCUMENTATION_COMMENTS = YES;
				CLANG_WARN_EMPTY_BODY = YES;
				CLANG_WARN_ENUM_CONVERSION = YES;
				CLANG_WARN_INFINITE_RECURSION = YES;
				CLANG_WARN_INT_CONVERSION = YES;
				CLANG_WARN_NON_LITERAL_NULL_CONVERSION = YES;
				CLANG_WARN_OBJC_IMPLICIT_RETAIN_SELF = YES;
				CLANG_WARN_OBJC_LITERAL_CONVERSION = YES;
				CLANG_WARN_OBJC_ROOT_CLASS = YES_ERROR;
				CLANG_WARN_QUOTED_INCLUDE_IN_FRAMEWORK_HEADER = YES;
				CLANG_WARN_RANGE_LOOP_ANALYSIS = YES;
				CLANG_WARN_STRICT_PROTOTYPES = YES;
				CLANG_WARN_SUSPICIOUS_MOVE = YES;
				CLANG_WARN_UNGUARDED_AVAILABILITY = YES_AGGRESSIVE;
				CLANG_WARN_UNREACHABLE_CODE = YES;
				CLANG_WARN__DUPLICATE_METHOD_MATCH = YES;
				COPY_PHASE_STRIP = NO;
				DEBUG_INFORMATION_FORMAT = "dwarf-with-dsym";
				ENABLE_NS_ASSERTIONS = NO;
				ENABLE_STRICT_OBJC_MSGSEND = YES;
				ENABLE_USER_SCRIPT_SANDBOXING = NO;
				GCC_C_LANGUAGE_STANDARD = gnu17;
				GCC_NO_COMMON_BLOCKS = YES;
				GCC_WARN_64_TO_32_BIT_CONVERSION = YES;
				GCC_WARN_ABOUT_RETURN_TYPE = YES_ERROR;
				GCC_WARN_UNDECLARED_SELECTOR = YES;
				GCC_WARN_UNINITIALIZED_AUTOS = YES_AGGRESSIVE;
				GCC_WARN_UNUSED_FUNCTION = YES;
				GCC_WARN_UNUSED_VARIABLE = YES;
				IPHONEOS_DEPLOYMENT_TARGET = 17.5;
				LOCALIZATION_PREFERS_STRING_CATALOGS = YES;
				MTL_ENABLE_DEBUG_INFO = NO;
				MTL_FAST_MATH = YES;
				SDKROOT = iphoneos;
				SWIFT_COMPILATION_MODE = wholemodule;
				VALIDATE_PRODUCT = YES;
			};
			name = Release;
		};
		B89309822D0F6E5A00347293 /* Debug */ = {
			isa = XCBuildConfiguration;
			baseConfigurationReference = F7D962E7EEDD2904095045A9 /* Pods-Reminder.debug.xcconfig */;
			buildSettings = {
				ASSETCATALOG_COMPILER_APPICON_NAME = AppIcon;
				ASSETCATALOG_COMPILER_GLOBAL_ACCENT_COLOR_NAME = AccentColor;
				CODE_SIGN_STYLE = Automatic;
				CURRENT_PROJECT_VERSION = 1;
				DEVELOPMENT_TEAM = F7M77X8UJ3;
				GENERATE_INFOPLIST_FILE = YES;
				INFOPLIST_FILE = Reminder/Info.plist;
				INFOPLIST_KEY_UILaunchStoryboardName = SplashViewController;
				INFOPLIST_KEY_UISupportedInterfaceOrientations_iPad = "UIInterfaceOrientationPortrait UIInterfaceOrientationPortraitUpsideDown UIInterfaceOrientationLandscapeLeft UIInterfaceOrientationLandscapeRight";
				INFOPLIST_KEY_UISupportedInterfaceOrientations_iPhone = "UIInterfaceOrientationPortrait UIInterfaceOrientationLandscapeLeft UIInterfaceOrientationLandscapeRight";
				LD_RUNPATH_SEARCH_PATHS = (
					"$(inherited)",
					"@executable_path/Frameworks",
				);
				MARKETING_VERSION = 1.0;
				PRODUCT_BUNDLE_IDENTIFIER = bluniz.Reminder;
				PRODUCT_NAME = "$(TARGET_NAME)";
				SWIFT_EMIT_LOC_STRINGS = YES;
				SWIFT_VERSION = 5.0;
				TARGETED_DEVICE_FAMILY = "1,2";
			};
			name = Debug;
		};
		B89309832D0F6E5A00347293 /* Release */ = {
			isa = XCBuildConfiguration;
			baseConfigurationReference = 585DB33905E82848FE73926A /* Pods-Reminder.release.xcconfig */;
			buildSettings = {
				ASSETCATALOG_COMPILER_APPICON_NAME = AppIcon;
				ASSETCATALOG_COMPILER_GLOBAL_ACCENT_COLOR_NAME = AccentColor;
				CODE_SIGN_STYLE = Automatic;
				CURRENT_PROJECT_VERSION = 1;
				DEVELOPMENT_TEAM = F7M77X8UJ3;
				GENERATE_INFOPLIST_FILE = YES;
				INFOPLIST_FILE = Reminder/Info.plist;
				INFOPLIST_KEY_UILaunchStoryboardName = SplashViewController;
				INFOPLIST_KEY_UISupportedInterfaceOrientations_iPad = "UIInterfaceOrientationPortrait UIInterfaceOrientationPortraitUpsideDown UIInterfaceOrientationLandscapeLeft UIInterfaceOrientationLandscapeRight";
				INFOPLIST_KEY_UISupportedInterfaceOrientations_iPhone = "UIInterfaceOrientationPortrait UIInterfaceOrientationLandscapeLeft UIInterfaceOrientationLandscapeRight";
				LD_RUNPATH_SEARCH_PATHS = (
					"$(inherited)",
					"@executable_path/Frameworks",
				);
				MARKETING_VERSION = 1.0;
				PRODUCT_BUNDLE_IDENTIFIER = bluniz.Reminder;
				PRODUCT_NAME = "$(TARGET_NAME)";
				SWIFT_EMIT_LOC_STRINGS = YES;
				SWIFT_VERSION = 5.0;
				TARGETED_DEVICE_FAMILY = "1,2";
			};
			name = Release;
		};
/* End XCBuildConfiguration section */

/* Begin XCConfigurationList section */
		B89309682D0F6E5A00347293 /* Build configuration list for PBXProject "Reminder" */ = {
			isa = XCConfigurationList;
			buildConfigurations = (
				B893097F2D0F6E5A00347293 /* Debug */,
				B89309802D0F6E5A00347293 /* Release */,
			);
			defaultConfigurationIsVisible = 0;
			defaultConfigurationName = Release;
		};
		B89309812D0F6E5A00347293 /* Build configuration list for PBXNativeTarget "Reminder" */ = {
			isa = XCConfigurationList;
			buildConfigurations = (
				B89309822D0F6E5A00347293 /* Debug */,
				B89309832D0F6E5A00347293 /* Release */,
			);
			defaultConfigurationIsVisible = 0;
			defaultConfigurationName = Release;
		};
/* End XCConfigurationList section */
	};
	rootObject = B89309652D0F6E5A00347293 /* Project object */;
}
